
Microsoft Visual Studio Solution File, Format Version 12.00
# Visual Studio Version 16
VisualStudioVersion = 16.0.30907.101
MinimumVisualStudioVersion = 10.0.40219.1
Project("{8BC9CEB8-8B4A-11D0-8D11-00A0C91BC942}") = "21712184유태형_BFS", "21712184유태형_BFS\21712184유태형_BFS.vcxproj", "{7ADC11D2-172E-401A-B1C5-1DE623984AC2}"
EndProject
Global
	GlobalSection(SolutionConfigurationPlatforms) = preSolution
		Debug|x64 = Debug|x64
		Debug|x86 = Debug|x86
		Release|x64 = Release|x64
		Release|x86 = Release|x86
	EndGlobalSection
	GlobalSection(ProjectConfigurationPlatforms) = postSolution
		{7ADC11D2-172E-401A-B1C5-1DE623984AC2}.Debug|x64.ActiveCfg = Debug|x64
		{7ADC11D2-172E-401A-B1C5-1DE623984AC2}.Debug|x64.Build.0 = Debug|x64
		{7ADC11D2-172E-401A-B1C5-1DE623984AC2}.Debug|x86.ActiveCfg = Debug|Win32
		{7ADC11D2-172E-401A-B1C5-1DE623984AC2}.Debug|x86.Build.0 = Debug|Win32
		{7ADC11D2-172E-401A-B1C5-1DE623984AC2}.Release|x64.ActiveCfg = Release|x64
		{7ADC11D2-172E-401A-B1C5-1DE623984AC2}.Release|x64.Build.0 = Release|x64
		{7ADC11D2-172E-401A-B1C5-1DE623984AC2}.Release|x86.ActiveCfg = Release|Win32
		{7ADC11D2-172E-401A-B1C5-1DE623984AC2}.Release|x86.Build.0 = Release|Win32
	EndGlobalSection
	GlobalSection(SolutionProperties) = preSolution
		HideSolutionNode = FALSE
	EndGlobalSection
	GlobalSection(ExtensibilityGlobals) = postSolution
		SolutionGuid = {511C87A2-91BD-43EC-A0BC-3DB7CD904DB4}
	EndGlobalSection
EndGlobal
